
Microsoft Visual Studio Solution File, Format Version 12.00
# Visual Studio Version 17
VisualStudioVersion = 17.13.35825.156
MinimumVisualStudioVersion = 10.0.40219.1
Project("{FAE04EC0-301F-11D3-BF4B-00C04F79EFBC}") = "SlavicMyths", "SlavicMyths.csproj", "{441109BE-7175-4AA8-8D6F-07FBC65104E6}"
EndProject
Global
	GlobalSection(SolutionConfigurationPlatforms) = preSolution
		Debug|Any CPU = Debug|Any CPU
		Release|Any CPU = Release|Any CPU
	EndGlobalSection
	GlobalSection(ProjectConfigurationPlatforms) = postSolution
		{441109BE-7175-4AA8-8D6F-07FBC65104E6}.Debug|Any CPU.ActiveCfg = Debug|Any CPU
		{441109BE-7175-4AA8-8D6F-07FBC65104E6}.Debug|Any CPU.Build.0 = Debug|Any CPU
		{441109BE-7175-4AA8-8D6F-07FBC65104E6}.Release|Any CPU.ActiveCfg = Release|Any CPU
		{441109BE-7175-4AA8-8D6F-07FBC65104E6}.Release|Any CPU.Build.0 = Release|Any CPU
	EndGlobalSection
	GlobalSection(SolutionProperties) = preSolution
		HideSolutionNode = FALSE
	EndGlobalSection
	GlobalSection(ExtensibilityGlobals) = postSolution
		SolutionGuid = {51FF318C-DDEE-4907-80C1-A0DE073FC8DF}
	EndGlobalSection
EndGlobal
